GEM
  remote: https://rubygems.org/
  specs:
    addressable (2.8.8)
      public_suffix (>= 2.0.2, < 8.0)
    backports (3.11.1)
    base64 (0.3.0)
    bcrypt (3.1.11)
    bcrypt-ruby (3.1.5)
      bcrypt (>= 3.1.3)
    bigdecimal (3.3.1)
    crack (0.4.3)
      safe_yaml (~> 1.0.0)
    createsend (3.4.0)
      hashie (>= 1.2, < 3)
      httparty (~> 0.10)
      json
    data_mapper (1.2.0)
      dm-aggregates (~> 1.2.0)
      dm-constraints (~> 1.2.0)
      dm-core (~> 1.2.0)
      dm-migrations (~> 1.2.0)
      dm-serializer (~> 1.2.0)
      dm-timestamps (~> 1.2.0)
      dm-transactions (~> 1.2.0)
      dm-types (~> 1.2.0)
      dm-validations (~> 1.2.0)
    data_objects (0.10.17)
      addressable (~> 2.1)
    diff-lcs (1.6.2)
    dm-aggregates (1.2.0)
      dm-core (~> 1.2.0)
    dm-constraints (1.2.0)
      dm-core (~> 1.2.0)
    dm-core (1.2.1)
      addressable (~> 2.3)
    dm-do-adapter (1.2.0)
      data_objects (~> 0.10.6)
      dm-core (~> 1.2.0)
    dm-migrations (1.2.0)
      dm-core (~> 1.2.0)
    dm-postgres-adapter (1.2.0)
      dm-do-adapter (~> 1.2.0)
      do_postgres (~> 0.10.6)
    dm-serializer (1.2.2)
      dm-core (~> 1.2.0)
      fastercsv (~> 1.5)
      json (~> 1.6)
      json_pure (~> 1.6)
      multi_json (~> 1.0)
    dm-sqlite-adapter (1.2.0)
      dm-do-adapter (~> 1.2.0)
      do_sqlite3 (~> 0.10.6)
    dm-timestamps (1.2.0)
      dm-core (~> 1.2.0)
    dm-transactions (1.2.0)
      dm-core (~> 1.2.0)
    dm-types (1.2.2)
      bcrypt-ruby (~> 3.0)
      dm-core (~> 1.2.0)
      fastercsv (~> 1.5)
      json (~> 1.6)
      multi_json (~> 1.0)
      stringex (~> 1.4)
      uuidtools (~> 2.1)
    dm-validations (1.2.0)
      dm-core (~> 1.2.0)
    do_postgres (0.10.17)
      data_objects (= 0.10.17)
    do_sqlite3 (0.10.17)
      data_objects (= 0.10.17)
    docile (1.1.5)
    faraday (2.14.1)
      faraday-net_http (>= 2.0, < 3.5)
      json
      logger
    faraday-net_http (3.4.2)
      net-http (~> 0.5)
    fastercsv (1.5.5)
    ffi (1.17.3)
    haml (6.4.0)
      temple (>= 0.8.2)
      thor
      tilt
    hashdiff (0.3.7)
    hashie (2.1.2)
    httparty (0.16.0)
      multi_xml (>= 0.5.2)
    json (1.8.6)
    json_pure (1.8.6)
    jwt (2.10.2)
      base64
    kgio (2.11.2)
    koala (1.11.1)
      addressable
      faraday
      multi_json
    logger (1.7.0)
    monkey-lib (0.4.2)
      backports
    multi_json (1.19.1)
    multi_xml (0.7.1)
      bigdecimal (~> 3.1)
    mustermann (1.1.2)
      ruby2_keywords (~> 0.0.1)
    net-http (0.9.1)
      uri (>= 0.11.1)
    newrelic_rpm (4.8.0.341)
    oauth2 (1.4.11)
      faraday (>= 0.17.3, < 3.0)
      jwt (>= 1.0, < 3.0)
      multi_json (~> 1.3)
      multi_xml (~> 0.5)
      rack (>= 1.2, < 4)
    omniauth (1.4.3)
      hashie (>= 1.2, < 4)
      rack (>= 1.6.2, < 3)
    omniauth-facebook (5.0.0)
      omniauth-oauth2 (~> 1.2)
    omniauth-oauth2 (1.5.0)
      oauth2 (~> 1.1)
      omniauth (~> 1.2)
    pg (1.0.0)
    public_suffix (6.0.2)
    rack (2.2.22)
    rack-protection (2.0.2)
      rack
    rack-test (2.2.0)
      rack (>= 1.3)
    raindrops (0.19.0)
    rake (13.3.1)
    rb-fsevent (0.10.3)
    rb-inotify (0.11.1)
      ffi (~> 1.0)
    rspec (3.7.0)
      rspec-core (~> 3.7.0)
      rspec-expectations (~> 3.7.0)
      rspec-mocks (~> 3.7.0)
    rspec-core (3.7.1)
      rspec-support (~> 3.7.0)
    rspec-expectations (3.7.0)
      diff-lcs (>= 1.2.0, < 2.0)
      rspec-support (~> 3.7.0)
    rspec-mocks (3.7.0)
      diff-lcs (>= 1.2.0, < 2.0)
      rspec-support (~> 3.7.0)
    rspec-support (3.7.1)
    ruby2_keywords (0.0.5)
    safe_yaml (1.0.4)
    sass (3.7.4)
      sass-listen (~> 4.0.0)
    sass-listen (4.0.0)
      rb-fsevent (~> 0.9, >= 0.9.4)
      rb-inotify (~> 0.9, >= 0.9.7)
    simplecov (0.17.1)
      docile (~> 1.1)
      json (>= 1.8, < 3)
      simplecov-html (~> 0.10.0)
    simplecov-html (0.10.2)
    sinatra (2.0.2)
      mustermann (~> 1.0)
      rack (~> 2.0)
      rack-protection (= 2.0.2)
      tilt (~> 2.0)
    sinatra-advanced-routes (0.4.1)
      monkey-lib (~> 0.4.0)
      sinatra (>= 0.9.4)
      sinatra-sugar (~> 0.4.0)
    sinatra-reloader (0.4.1)
      sinatra (>= 0.9.4)
      sinatra-advanced-routes (~> 0.4.0)
    sinatra-sugar (0.4.1)
      monkey-lib (~> 0.4.0)
      sinatra (>= 0.9.4)
    stringex (1.5.1)
    temple (0.10.4)
    thor (1.5.0)
    tilt (2.7.0)
    unicorn (6.1.0)
      kgio (~> 2.6)
      raindrops (~> 0.7)
    uri (1.1.1)
    uuidtools (2.1.5)
    webmock (3.3.0)
      addressable (>= 2.3.6)
      crack (>= 0.3.2)
      hashdiff
    yajl-ruby (1.3.1)

PLATFORMS
  ruby

DEPENDENCIES
  createsend (~> 3.1)
  data_mapper
  dm-postgres-adapter
  dm-sqlite-adapter
  haml
  koala (~> 1.11)
  multi_json (~> 1.3)
  newrelic_rpm
  omniauth-facebook (~> 5.0, >= 5.0.0)
  pg
  rack (~> 2.2.22)
  rack-test (>= 1.0.0)
  rake
  rspec
  sass
  simplecov
  sinatra (= 2.0.2)
  sinatra-reloader
  unicorn
  webmock
  yajl-ruby (~> 1.3.1)

RUBY VERSION
   ruby 2.2.2p95

BUNDLED WITH
   2.3.27
